// !$*UTF8*$!
{
	archiveVersion = 1;
	classes = {
	};
	objectVersion = 46;
	objects = {

/* Begin PBXBuildFile section */
		DE228F671CA1ED540004380F /* InventoryItem.m in Sources */ = {isa = PBXBuildFile; fileRef = DE228F661CA1ED540004380F /* InventoryItem.m */; };
		DE301E011C98AABC00D108B1 /* InventoryViewController.m in Sources */ = {isa = PBXBuildFile; fileRef = DE301E001C98AABC00D108B1 /* InventoryViewController.m */; };
		DE4064151C98A71100F7C479 /* main.m in Sources */ = {isa = PBXBuildFile; fileRef = DE4064141C98A71100F7C479 /* main.m */; };
		DE4064181C98A71100F7C479 /* AppDelegate.m in Sources */ = {isa = PBXBuildFile; fileRef = DE4064171C98A71100F7C479 /* AppDelegate.m */; };
		DE4064201C98A71100F7C479 /* Assets.xcassets in Resources */ = {isa = PBXBuildFile; fileRef = DE40641F1C98A71100F7C479 /* Assets.xcassets */; };
		DE4064231C98A71100F7C479 /* LaunchScreen.storyboard in Resources */ = {isa = PBXBuildFile; fileRef = DE4064211C98A71100F7C479 /* LaunchScreen.storyboard */; };
		DE75B1451D0F66CD00F486A2 /* libKIF.a in Frameworks */ = {isa = PBXBuildFile; fileRef = DE75B1191D0F4B1C00F486A2 /* libKIF.a */; };
		DE75B1461D0F670300F486A2 /* QuartzCore.framework in Frameworks */ = {isa = PBXBuildFile; fileRef = DE75B1351D0F4D1C00F486A2 /* QuartzCore.framework */; };
		DE75B1471D0F670C00F486A2 /* CoreGraphics.framework in Frameworks */ = {isa = PBXBuildFile; fileRef = DE75B1331D0F4D0B00F486A2 /* CoreGraphics.framework */; };
		DE75B1491D0F6A5600F486A2 /* InventoryViewTest.m in Sources */ = {isa = PBXBuildFile; fileRef = DE75B1481D0F6A5600F486A2 /* InventoryViewTest.m */; };
		DE92BF3E1CE13DF200B7AE13 /* AddInventoryViewController.m in Sources */ = {isa = PBXBuildFile; fileRef = DE92BF3D1CE13DF200B7AE13 /* AddInventoryViewController.m */; };
		DE92BF411CEE794500B7AE13 /* InventoryItemViewController.m in Sources */ = {isa = PBXBuildFile; fileRef = DE92BF401CEE794500B7AE13 /* InventoryItemViewController.m */; };
		DEE30AD51CC031DC00CC668E /* InventoryCollection.m in Sources */ = {isa = PBXBuildFile; fileRef = DEE30AD41CC031DC00CC668E /* InventoryCollection.m */; };
		DEE30AD81CC034E200CC668E /* InventoryCollectionGenerator.m in Sources */ = {isa = PBXBuildFile; fileRef = DEE30AD71CC034E200CC668E /* InventoryCollectionGenerator.m */; };
/* End PBXBuildFile section */

/* Begin PBXContainerItemProxy section */
		DE75B1181D0F4B1C00F486A2 /* PBXContainerItemProxy */ = {
			isa = PBXContainerItemProxy;
			containerPortal = DE75B10E1D0F4B1C00F486A2 /* KIF.xcodeproj */;
			proxyType = 2;
			remoteGlobalIDString = EABD46AA1857A0C700A5F081;
			remoteInfo = KIF;
		};
		DE75B11A1D0F4B1C00F486A2 /* PBXContainerItemProxy */ = {
			isa = PBXContainerItemProxy;
			containerPortal = DE75B10E1D0F4B1C00F486A2 /* KIF.xcodeproj */;
			proxyType = 2;
			remoteGlobalIDString = EB60ECC1177F8C83005A041A;
			remoteInfo = "Test Host";
		};
		DE75B11C1D0F4B1C00F486A2 /* PBXContainerItemProxy */ = {
			isa = PBXContainerItemProxy;
			containerPortal = DE75B10E1D0F4B1C00F486A2 /* KIF.xcodeproj */;
			proxyType = 2;
			remoteGlobalIDString = EABD46CD1857A0F300A5F081;
			remoteInfo = "KIF Tests";
		};
		DE75B11E1D0F4B1C00F486A2 /* PBXContainerItemProxy */ = {
			isa = PBXContainerItemProxy;
			containerPortal = DE75B10E1D0F4B1C00F486A2 /* KIF.xcodeproj */;
			proxyType = 2;
			remoteGlobalIDString = 9CC9673B1AD4B1B600576D13;
			remoteInfo = KIFFramework;
		};
		DE75B1201D0F4B1C00F486A2 /* PBXContainerItemProxy */ = {
			isa = PBXContainerItemProxy;
			containerPortal = DE75B10E1D0F4B1C00F486A2 /* KIF.xcodeproj */;
			proxyType = 2;
			remoteGlobalIDString = FAB89FFC1CAC546900C6DFC1;
			remoteInfo = KIFFrameworkConsumer;
		};
		DE75B1221D0F4B1C00F486A2 /* PBXContainerItemProxy */ = {
			isa = PBXContainerItemProxy;
			containerPortal = DE75B10E1D0F4B1C00F486A2 /* KIF.xcodeproj */;
			proxyType = 2;
			remoteGlobalIDString = FAB8A0141CAC546A00C6DFC1;
			remoteInfo = KIFFrameworkConsumerTests;
		};
		DE75B1401D0F667F00F486A2 /* PBXContainerItemProxy */ = {
			isa = PBXContainerItemProxy;
			containerPortal = DE4064081C98A71100F7C479 /* Project object */;
			proxyType = 1;
			remoteGlobalIDString = DE40640F1C98A71100F7C479;
			remoteInfo = inventorymanagement;
		};
/* End PBXContainerItemProxy section */

/* Begin PBXFileReference section */
		DE228F651CA1ED2D0004380F /* InventoryItem.h */ = {isa = PBXFileReference; lastKnownFileType = sourcecode.c.h; path = InventoryItem.h; sourceTree = "<group>"; };
		DE228F661CA1ED540004380F /* InventoryItem.m */ = {isa = PBXFileReference; fileEncoding = 4; lastKnownFileType = sourcecode.c.objc; path = InventoryItem.m; sourceTree = "<group>"; };
		DE301DFF1C98AABC00D108B1 /* InventoryViewController.h */ = {isa = PBXFileReference; fileEncoding = 4; lastKnownFileType = sourcecode.c.h; path = InventoryViewController.h; sourceTree = "<group>"; };
		DE301E001C98AABC00D108B1 /* InventoryViewController.m */ = {isa = PBXFileReference; fileEncoding = 4; lastKnownFileType = sourcecode.c.objc; path = InventoryViewController.m; sourceTree = "<group>"; };
		DE4064101C98A71100F7C479 /* inventorymanagement.app */ = {isa = PBXFileReference; explicitFileType = wrapper.application; includeInIndex = 0; path = inventorymanagement.app; sourceTree = BUILT_PRODUCTS_DIR; };
		DE4064141C98A71100F7C479 /* main.m */ = {isa = PBXFileReference; lastKnownFileType = sourcecode.c.objc; path = main.m; sourceTree = "<group>"; };
		DE4064161C98A71100F7C479 /* AppDelegate.h */ = {isa = PBXFileReference; lastKnownFileType = sourcecode.c.h; path = AppDelegate.h; sourceTree = "<group>"; };
		DE4064171C98A71100F7C479 /* AppDelegate.m */ = {isa = PBXFileReference; lastKnownFileType = sourcecode.c.objc; path = AppDelegate.m; sourceTree = "<group>"; };
		DE40641F1C98A71100F7C479 /* Assets.xcassets */ = {isa = PBXFileReference; lastKnownFileType = folder.assetcatalog; path = Assets.xcassets; sourceTree = "<group>"; };
		DE4064221C98A71100F7C479 /* Base */ = {isa = PBXFileReference; lastKnownFileType = file.storyboard; name = Base; path = Base.lproj/LaunchScreen.storyboard; sourceTree = "<group>"; };
		DE4064241C98A71100F7C479 /* Info.plist */ = {isa = PBXFileReference; lastKnownFileType = text.plist.xml; path = Info.plist; sourceTree = "<group>"; };
		DE75B10E1D0F4B1C00F486A2 /* KIF.xcodeproj */ = {isa = PBXFileReference; lastKnownFileType = "wrapper.pb-project"; name = KIF.xcodeproj; path = inventorymanagement/Frameworks/KIF/KIF.xcodeproj; sourceTree = "<group>"; };
		DE75B1331D0F4D0B00F486A2 /* CoreGraphics.framework */ = {isa = PBXFileReference; lastKnownFileType = wrapper.framework; name = CoreGraphics.framework; path = System/Library/Frameworks/CoreGraphics.framework; sourceTree = SDKROOT; };
		DE75B1351D0F4D1C00F486A2 /* QuartzCore.framework */ = {isa = PBXFileReference; lastKnownFileType = wrapper.framework; name = QuartzCore.framework; path = System/Library/Frameworks/QuartzCore.framework; sourceTree = SDKROOT; };
		DE75B13B1D0F667F00F486A2 /* AcceptanceTests.xctest */ = {isa = PBXFileReference; explicitFileType = wrapper.cfbundle; includeInIndex = 0; path = AcceptanceTests.xctest; sourceTree = BUILT_PRODUCTS_DIR; };
		DE75B13F1D0F667F00F486A2 /* Info.plist */ = {isa = PBXFileReference; lastKnownFileType = text.plist.xml; path = Info.plist; sourceTree = "<group>"; };
		DE75B1481D0F6A5600F486A2 /* InventoryViewTest.m */ = {isa = PBXFileReference; fileEncoding = 4; lastKnownFileType = sourcecode.c.objc; path = InventoryViewTest.m; sourceTree = "<group>"; };
		DE92BF3C1CE13DF200B7AE13 /* AddInventoryViewController.h */ = {isa = PBXFileReference; fileEncoding = 4; lastKnownFileType = sourcecode.c.h; path = AddInventoryViewController.h; sourceTree = "<group>"; };
		DE92BF3D1CE13DF200B7AE13 /* AddInventoryViewController.m */ = {isa = PBXFileReference; fileEncoding = 4; lastKnownFileType = sourcecode.c.objc; path = AddInventoryViewController.m; sourceTree = "<group>"; };
		DE92BF3F1CEE794500B7AE13 /* InventoryItemViewController.h */ = {isa = PBXFileReference; fileEncoding = 4; lastKnownFileType = sourcecode.c.h; path = InventoryItemViewController.h; sourceTree = "<group>"; };
		DE92BF401CEE794500B7AE13 /* InventoryItemViewController.m */ = {isa = PBXFileReference; fileEncoding = 4; lastKnownFileType = sourcecode.c.objc; path = InventoryItemViewController.m; sourceTree = "<group>"; };
		DEE30AD31CC031DC00CC668E /* InventoryCollection.h */ = {isa = PBXFileReference; fileEncoding = 4; lastKnownFileType = sourcecode.c.h; path = InventoryCollection.h; sourceTree = "<group>"; };
		DEE30AD41CC031DC00CC668E /* InventoryCollection.m */ = {isa = PBXFileReference; fileEncoding = 4; lastKnownFileType = sourcecode.c.objc; path = InventoryCollection.m; sourceTree = "<group>"; };
		DEE30AD61CC034E200CC668E /* InventoryCollectionGenerator.h */ = {isa = PBXFileReference; fileEncoding = 4; lastKnownFileType = sourcecode.c.h; path = InventoryCollectionGenerator.h; sourceTree = "<group>"; };
		DEE30AD71CC034E200CC668E /* InventoryCollectionGenerator.m */ = {isa = PBXFileReference; fileEncoding = 4; lastKnownFileType = sourcecode.c.objc; path = InventoryCollectionGenerator.m; sourceTree = "<group>"; };
/* End PBXFileReference section */

/* Begin PBXFrameworksBuildPhase section */
		DE40640D1C98A71100F7C479 /* Frameworks */ = {
			isa = PBXFrameworksBuildPhase;
			buildActionMask = 2147483647;
			files = (
			);
			runOnlyForDeploymentPostprocessing = 0;
		};
		DE75B1381D0F667F00F486A2 /* Frameworks */ = {
			isa = PBXFrameworksBuildPhase;
			buildActionMask = 2147483647;
			files = (
				DE75B1471D0F670C00F486A2 /* CoreGraphics.framework in Frameworks */,
				DE75B1461D0F670300F486A2 /* QuartzCore.framework in Frameworks */,
				DE75B1451D0F66CD00F486A2 /* libKIF.a in Frameworks */,
			);
			runOnlyForDeploymentPostprocessing = 0;
		};
/* End PBXFrameworksBuildPhase section */

/* Begin PBXGroup section */
		DE4064071C98A71100F7C479 = {
			isa = PBXGroup;
			children = (
				DE4064121C98A71100F7C479 /* inventorymanagement */,
				DE75B13C1D0F667F00F486A2 /* AcceptanceTests */,
				DE4064111C98A71100F7C479 /* Products */,
				DE75B10E1D0F4B1C00F486A2 /* KIF.xcodeproj */,
			);
			sourceTree = "<group>";
		};
		DE4064111C98A71100F7C479 /* Products */ = {
			isa = PBXGroup;
			children = (
				DE4064101C98A71100F7C479 /* inventorymanagement.app */,
				DE75B13B1D0F667F00F486A2 /* AcceptanceTests.xctest */,
			);
			name = Products;
			sourceTree = "<group>";
		};
		DE4064121C98A71100F7C479 /* inventorymanagement */ = {
			isa = PBXGroup;
			children = (
				DE4064161C98A71100F7C479 /* AppDelegate.h */,
				DE4064171C98A71100F7C479 /* AppDelegate.m */,
				DE301DFF1C98AABC00D108B1 /* InventoryViewController.h */,
				DE301E001C98AABC00D108B1 /* InventoryViewController.m */,
				DE92BF3F1CEE794500B7AE13 /* InventoryItemViewController.h */,
				DE92BF401CEE794500B7AE13 /* InventoryItemViewController.m */,
				DE92BF3C1CE13DF200B7AE13 /* AddInventoryViewController.h */,
				DE92BF3D1CE13DF200B7AE13 /* AddInventoryViewController.m */,
				DE228F651CA1ED2D0004380F /* InventoryItem.h */,
				DE228F661CA1ED540004380F /* InventoryItem.m */,
				DEE30AD31CC031DC00CC668E /* InventoryCollection.h */,
				DEE30AD41CC031DC00CC668E /* InventoryCollection.m */,
				DEE30AD61CC034E200CC668E /* InventoryCollectionGenerator.h */,
				DEE30AD71CC034E200CC668E /* InventoryCollectionGenerator.m */,
				DE40641F1C98A71100F7C479 /* Assets.xcassets */,
				DE4064211C98A71100F7C479 /* LaunchScreen.storyboard */,
				DE4064241C98A71100F7C479 /* Info.plist */,
				DE4064131C98A71100F7C479 /* Supporting Files */,
			);
			path = inventorymanagement;
			sourceTree = "<group>";
		};
		DE4064131C98A71100F7C479 /* Supporting Files */ = {
			isa = PBXGroup;
			children = (
				DE75B1351D0F4D1C00F486A2 /* QuartzCore.framework */,
				DE75B1331D0F4D0B00F486A2 /* CoreGraphics.framework */,
				DE4064141C98A71100F7C479 /* main.m */,
			);
			name = "Supporting Files";
			sourceTree = "<group>";
		};
		DE75B10F1D0F4B1C00F486A2 /* Products */ = {
			isa = PBXGroup;
			children = (
				DE75B1191D0F4B1C00F486A2 /* libKIF.a */,
				DE75B11B1D0F4B1C00F486A2 /* Test Host.app */,
				DE75B11D1D0F4B1C00F486A2 /* KIF Tests - XCTest.xctest */,
				DE75B11F1D0F4B1C00F486A2 /* KIF.framework */,
				DE75B1211D0F4B1C00F486A2 /* KIFFrameworkConsumer.app */,
				DE75B1231D0F4B1C00F486A2 /* KIFFrameworkConsumerTests.xctest */,
			);
			name = Products;
			sourceTree = "<group>";
		};
		DE75B13C1D0F667F00F486A2 /* AcceptanceTests */ = {
			isa = PBXGroup;
			children = (
				DE75B13F1D0F667F00F486A2 /* Info.plist */,
				DE75B1481D0F6A5600F486A2 /* InventoryViewTest.m */,
			);
			path = AcceptanceTests;
			sourceTree = "<group>";
		};
/* End PBXGroup section */

/* Begin PBXNativeTarget section */
		DE40640F1C98A71100F7C479 /* inventorymanagement */ = {
			isa = PBXNativeTarget;
			buildConfigurationList = DE4064271C98A71100F7C479 /* Build configuration list for PBXNativeTarget "inventorymanagement" */;
			buildPhases = (
				DE40640C1C98A71100F7C479 /* Sources */,
				DE40640D1C98A71100F7C479 /* Frameworks */,
				DE40640E1C98A71100F7C479 /* Resources */,
			);
			buildRules = (
			);
			dependencies = (
			);
			name = inventorymanagement;
			productName = inventorymanagement;
			productReference = DE4064101C98A71100F7C479 /* inventorymanagement.app */;
			productType = "com.apple.product-type.application";
		};
		DE75B13A1D0F667F00F486A2 /* AcceptanceTests */ = {
			isa = PBXNativeTarget;
			buildConfigurationList = DE75B1421D0F667F00F486A2 /* Build configuration list for PBXNativeTarget "AcceptanceTests" */;
			buildPhases = (
				DE75B1371D0F667F00F486A2 /* Sources */,
				DE75B1381D0F667F00F486A2 /* Frameworks */,
				DE75B1391D0F667F00F486A2 /* Resources */,
			);
			buildRules = (
			);
			dependencies = (
				DE75B1411D0F667F00F486A2 /* PBXTargetDependency */,
			);
			name = AcceptanceTests;
			productName = AcceptanceTests;
			productReference = DE75B13B1D0F667F00F486A2 /* AcceptanceTests.xctest */;
			productType = "com.apple.product-type.bundle.unit-test";
		};
/* End PBXNativeTarget section */

/* Begin PBXProject section */
		DE4064081C98A71100F7C479 /* Project object */ = {
			isa = PBXProject;
			attributes = {
				LastUpgradeCheck = 0720;
				ORGANIZATIONNAME = "Bernard Desert";
				TargetAttributes = {
					DE40640F1C98A71100F7C479 = {
						CreatedOnToolsVersion = 7.2.1;
					};
					DE75B13A1D0F667F00F486A2 = {
						CreatedOnToolsVersion = 7.2.1;
						TestTargetID = DE40640F1C98A71100F7C479;
					};
				};
			};
			buildConfigurationList = DE40640B1C98A71100F7C479 /* Build configuration list for PBXProject "inventorymanagement" */;
			compatibilityVersion = "Xcode 3.2";
			developmentRegion = English;
			hasScannedForEncodings = 0;
			knownRegions = (
				en,
				Base,
			);
			mainGroup = DE4064071C98A71100F7C479;
			productRefGroup = DE4064111C98A71100F7C479 /* Products */;
			projectDirPath = "";
			projectReferences = (
				{
					ProductGroup = DE75B10F1D0F4B1C00F486A2 /* Products */;
					ProjectRef = DE75B10E1D0F4B1C00F486A2 /* KIF.xcodeproj */;
				},
			);
			projectRoot = "";
			targets = (
				DE40640F1C98A71100F7C479 /* inventorymanagement */,
				DE75B13A1D0F667F00F486A2 /* AcceptanceTests */,
			);
		};
/* End PBXProject section */

/* Begin PBXReferenceProxy section */
		DE75B1191D0F4B1C00F486A2 /* libKIF.a */ = {
			isa = PBXReferenceProxy;
			fileType = archive.ar;
			path = libKIF.a;
			remoteRef = DE75B1181D0F4B1C00F486A2 /* PBXContainerItemProxy */;
			sourceTree = BUILT_PRODUCTS_DIR;
		};
		DE75B11B1D0F4B1C00F486A2 /* Test Host.app */ = {
			isa = PBXReferenceProxy;
			fileType = wrapper.application;
			path = "Test Host.app";
			remoteRef = DE75B11A1D0F4B1C00F486A2 /* PBXContainerItemProxy */;
			sourceTree = BUILT_PRODUCTS_DIR;
		};
		DE75B11D1D0F4B1C00F486A2 /* KIF Tests - XCTest.xctest */ = {
			isa = PBXReferenceProxy;
			fileType = wrapper.cfbundle;
			path = "KIF Tests - XCTest.xctest";
			remoteRef = DE75B11C1D0F4B1C00F486A2 /* PBXContainerItemProxy */;
			sourceTree = BUILT_PRODUCTS_DIR;
		};
		DE75B11F1D0F4B1C00F486A2 /* KIF.framework */ = {
			isa = PBXReferenceProxy;
			fileType = wrapper.framework;
			path = KIF.framework;
			remoteRef = DE75B11E1D0F4B1C00F486A2 /* PBXContainerItemProxy */;
			sourceTree = BUILT_PRODUCTS_DIR;
		};
		DE75B1211D0F4B1C00F486A2 /* KIFFrameworkConsumer.app */ = {
			isa = PBXReferenceProxy;
			fileType = wrapper.application;
			path = KIFFrameworkConsumer.app;
			remoteRef = DE75B1201D0F4B1C00F486A2 /* PBXContainerItemProxy */;
			sourceTree = BUILT_PRODUCTS_DIR;
		};
		DE75B1231D0F4B1C00F486A2 /* KIFFrameworkConsumerTests.xctest */ = {
			isa = PBXReferenceProxy;
			fileType = wrapper.cfbundle;
			path = KIFFrameworkConsumerTests.xctest;
			remoteRef = DE75B1221D0F4B1C00F486A2 /* PBXContainerItemProxy */;
			sourceTree = BUILT_PRODUCTS_DIR;
		};
/* End PBXReferenceProxy section */

/* Begin PBXResourcesBuildPhase section */
		DE40640E1C98A71100F7C479 /* Resources */ = {
			isa = PBXResourcesBuildPhase;
			buildActionMask = 2147483647;
			files = (
				DE4064231C98A71100F7C479 /* LaunchScreen.storyboard in Resources */,
				DE4064201C98A71100F7C479 /* Assets.xcassets in Resources */,
			);
			runOnlyForDeploymentPostprocessing = 0;
		};
		DE75B1391D0F667F00F486A2 /* Resources */ = {
			isa = PBXResourcesBuildPhase;
			buildActionMask = 2147483647;
			files = (
			);
			runOnlyForDeploymentPostprocessing = 0;
		};
/* End PBXResourcesBuildPhase section */

/* Begin PBXSourcesBuildPhase section */
		DE40640C1C98A71100F7C479 /* Sources */ = {
			isa = PBXSourcesBuildPhase;
			buildActionMask = 2147483647;
			files = (
				DE301E011C98AABC00D108B1 /* InventoryViewController.m in Sources */,
				DE4064181C98A71100F7C479 /* AppDelegate.m in Sources */,
				DE92BF3E1CE13DF200B7AE13 /* AddInventoryViewController.m in Sources */,
				DE4064151C98A71100F7C479 /* main.m in Sources */,
				DE92BF411CEE794500B7AE13 /* InventoryItemViewController.m in Sources */,
				DEE30AD51CC031DC00CC668E /* InventoryCollection.m in Sources */,
				DEE30AD81CC034E200CC668E /* InventoryCollectionGenerator.m in Sources */,
				DE228F671CA1ED540004380F /* InventoryItem.m in Sources */,
			);
			runOnlyForDeploymentPostprocessing = 0;
		};
		DE75B1371D0F667F00F486A2 /* Sources */ = {
			isa = PBXSourcesBuildPhase;
			buildActionMask = 2147483647;
			files = (
				DE75B1491D0F6A5600F486A2 /* InventoryViewTest.m in Sources */,
			);
			runOnlyForDeploymentPostprocessing = 0;
		};
/* End PBXSourcesBuildPhase section */

/* Begin PBXTargetDependency section */
		DE75B1411D0F667F00F486A2 /* PBXTargetDependency */ = {
			isa = PBXTargetDependency;
			target = DE40640F1C98A71100F7C479 /* inventorymanagement */;
			targetProxy = DE75B1401D0F667F00F486A2 /* PBXContainerItemProxy */;
		};
/* End PBXTargetDependency section */

/* Begin PBXVariantGroup section */
		DE4064211C98A71100F7C479 /* LaunchScreen.storyboard */ = {
			isa = PBXVariantGroup;
			children = (
				DE4064221C98A71100F7C479 /* Base */,
			);
			name = LaunchScreen.storyboard;
			sourceTree = "<group>";
		};
/* End PBXVariantGroup section */

/* Begin XCBuildConfiguration section */
		DE4064251C98A71100F7C479 /* Debug */ = {
			isa = XCBuildConfiguration;
			buildSettings = {
				ALWAYS_SEARCH_USER_PATHS = NO;
				CLANG_CXX_LANGUAGE_STANDARD = "gnu++0x";
				CLANG_CXX_LIBRARY = "libc++";
				CLANG_ENABLE_MODULES = YES;
				CLANG_ENABLE_OBJC_ARC = YES;
				CLANG_WARN_BOOL_CONVERSION = YES;
				CLANG_WARN_CONSTANT_CONVERSION = YES;
				CLANG_WARN_DIRECT_OBJC_ISA_USAGE = YES_ERROR;
				CLANG_WARN_EMPTY_BODY = YES;
				CLANG_WARN_ENUM_CONVERSION = YES;
				CLANG_WARN_INT_CONVERSION = YES;
				CLANG_WARN_OBJC_ROOT_CLASS = YES_ERROR;
				CLANG_WARN_UNREACHABLE_CODE = YES;
				CLANG_WARN__DUPLICATE_METHOD_MATCH = YES;
				"CODE_SIGN_IDENTITY[sdk=iphoneos*]" = "iPhone Developer";
				COPY_PHASE_STRIP = NO;
				DEBUG_INFORMATION_FORMAT = dwarf;
				ENABLE_STRICT_OBJC_MSGSEND = YES;
				ENABLE_TESTABILITY = YES;
				GCC_C_LANGUAGE_STANDARD = gnu99;
				GCC_DYNAMIC_NO_PIC = NO;
				GCC_NO_COMMON_BLOCKS = YES;
				GCC_OPTIMIZATION_LEVEL = 0;
				GCC_PREPROCESSOR_DEFINITIONS = (
					"DEBUG=1",
					"$(inherited)",
				);
				GCC_WARN_64_TO_32_BIT_CONVERSION = YES;
				GCC_WARN_ABOUT_RETURN_TYPE = YES_ERROR;
				GCC_WARN_UNDECLARED_SELECTOR = YES;
				GCC_WARN_UNINITIALIZED_AUTOS = YES_AGGRESSIVE;
				GCC_WARN_UNUSED_FUNCTION = YES;
				GCC_WARN_UNUSED_VARIABLE = YES;
				IPHONEOS_DEPLOYMENT_TARGET = 9.2;
				MTL_ENABLE_DEBUG_INFO = YES;
				ONLY_ACTIVE_ARCH = YES;
				OTHER_LDFLAGS = "";
				SDKROOT = iphoneos;
			};
			name = Debug;
		};
		DE4064261C98A71100F7C479 /* Release */ = {
			isa = XCBuildConfiguration;
			buildSettings = {
				ALWAYS_SEARCH_USER_PATHS = NO;
				CLANG_CXX_LANGUAGE_STANDARD = "gnu++0x";
				CLANG_CXX_LIBRARY = "libc++";
				CLANG_ENABLE_MODULES = YES;
				CLANG_ENABLE_OBJC_ARC = YES;
				CLANG_WARN_BOOL_CONVERSION = YES;
				CLANG_WARN_CONSTANT_CONVERSION = YES;
				CLANG_WARN_DIRECT_OBJC_ISA_USAGE = YES_ERROR;
				CLANG_WARN_EMPTY_BODY = YES;
				CLANG_WARN_ENUM_CONVERSION = YES;
				CLANG_WARN_INT_CONVERSION = YES;
				CLANG_WARN_OBJC_ROOT_CLASS = YES_ERROR;
				CLANG_WARN_UNREACHABLE_CODE = YES;
				CLANG_WARN__DUPLICATE_METHOD_MATCH = YES;
				"CODE_SIGN_IDENTITY[sdk=iphoneos*]" = "iPhone Developer";
				COPY_PHASE_STRIP = NO;
				DEBUG_INFORMATION_FORMAT = "dwarf-with-dsym";
				ENABLE_NS_ASSERTIONS = NO;
				ENABLE_STRICT_OBJC_MSGSEND = YES;
				GCC_C_LANGUAGE_STANDARD = gnu99;
				GCC_NO_COMMON_BLOCKS = YES;
				GCC_WARN_64_TO_32_BIT_CONVERSION = YES;
				GCC_WARN_ABOUT_RETURN_TYPE = YES_ERROR;
				GCC_WARN_UNDECLARED_SELECTOR = YES;
				GCC_WARN_UNINITIALIZED_AUTOS = YES_AGGRESSIVE;
				GCC_WARN_UNUSED_FUNCTION = YES;
				GCC_WARN_UNUSED_VARIABLE = YES;
				IPHONEOS_DEPLOYMENT_TARGET = 9.2;
				MTL_ENABLE_DEBUG_INFO = NO;
				OTHER_LDFLAGS = "";
				SDKROOT = iphoneos;
				VALIDATE_PRODUCT = YES;
			};
			name = Release;
		};
		DE4064281C98A71100F7C479 /* Debug */ = {
			isa = XCBuildConfiguration;
			buildSettings = {
				ASSETCATALOG_COMPILER_APPICON_NAME = AppIcon;
				INFOPLIST_FILE = inventorymanagement/Info.plist;
				LD_RUNPATH_SEARCH_PATHS = "$(inherited) @executable_path/Frameworks";
				PRODUCT_BUNDLE_IDENTIFIER = com.etsy.inventorymanagement;
				PRODUCT_NAME = "$(TARGET_NAME)";
			};
			name = Debug;
		};
		DE4064291C98A71100F7C479 /* Release */ = {
			isa = XCBuildConfiguration;
			buildSettings = {
				ASSETCATALOG_COMPILER_APPICON_NAME = AppIcon;
				INFOPLIST_FILE = inventorymanagement/Info.plist;
				LD_RUNPATH_SEARCH_PATHS = "$(inherited) @executable_path/Frameworks";
				PRODUCT_BUNDLE_IDENTIFIER = com.etsy.inventorymanagement;
				PRODUCT_NAME = "$(TARGET_NAME)";
			};
			name = Release;
		};
		DE75B1431D0F667F00F486A2 /* Debug */ = {
			isa = XCBuildConfiguration;
			buildSettings = {
				BUNDLE_LOADER = "$(TEST_HOST)";
				INFOPLIST_FILE = AcceptanceTests/Info.plist;
				LD_RUNPATH_SEARCH_PATHS = "$(inherited) @executable_path/Frameworks @loader_path/Frameworks";
				OTHER_LDFLAGS = (
					"-framework",
					IOKit,
					"-ObjC",
				);
				PRODUCT_BUNDLE_IDENTIFIER = com.etsy.AcceptanceTests;
				PRODUCT_NAME = "$(TARGET_NAME)";
				TEST_HOST = "$(BUILT_PRODUCTS_DIR)/inventorymanagement.app/inventorymanagement";
			};
			name = Debug;
		};
		DE75B1441D0F667F00F486A2 /* Release */ = {
			isa = XCBuildConfiguration;
			buildSettings = {
				BUNDLE_LOADER = "$(TEST_HOST)";
				INFOPLIST_FILE = AcceptanceTests/Info.plist;
				LD_RUNPATH_SEARCH_PATHS = "$(inherited) @executable_path/Frameworks @loader_path/Frameworks";
				OTHER_LDFLAGS = (
					"-framework",
					IOKit,
					"-ObjC",
				);
				PRODUCT_BUNDLE_IDENTIFIER = com.etsy.AcceptanceTests;
				PRODUCT_NAME = "$(TARGET_NAME)";
				TEST_HOST = "$(BUILT_PRODUCTS_DIR)/inventorymanagement.app/inventorymanagement";
			};
			name = Release;
		};
/* End XCBuildConfiguration section */

/* Begin XCConfigurationList section */
		DE40640B1C98A71100F7C479 /* Build configuration list for PBXProject "inventorymanagement" */ = {
			isa = XCConfigurationList;
			buildConfigurations = (
				DE4064251C98A71100F7C479 /* Debug */,
				DE4064261C98A71100F7C479 /* Release */,
			);
			defaultConfigurationIsVisible = 0;
			defaultConfigurationName = Release;
		};
		DE4064271C98A71100F7C479 /* Build configuration list for PBXNativeTarget "inventorymanagement" */ = {
			isa = XCConfigurationList;
			buildConfigurations = (
				DE4064281C98A71100F7C479 /* Debug */,
				DE4064291C98A71100F7C479 /* Release */,
			);
			defaultConfigurationIsVisible = 0;
			defaultConfigurationName = Release;
		};
		DE75B1421D0F667F00F486A2 /* Build configuration list for PBXNativeTarget "AcceptanceTests" */ = {
			isa = XCConfigurationList;
			buildConfigurations = (
				DE75B1431D0F667F00F486A2 /* Debug */,
				DE75B1441D0F667F00F486A2 /* Release */,
			);
			defaultConfigurationIsVisible = 0;
		};
/* End XCConfigurationList section */
	};
	rootObject = DE4064081C98A71100F7C479 /* Project object */;
}
